
Microsoft Visual Studio Solution File, Format Version 12.00
# Visual Studio Version 16
VisualStudioVersion = 16.0.29102.190
MinimumVisualStudioVersion = 10.0.40219.1
Project("{FAE04EC0-301F-11D3-BF4B-00C04F79EFBC}") = "ATM", "ATM\ATM.csproj", "{8216B733-6A74-428C-9B73-27189A0B4703}"
EndProject
Project("{FAE04EC0-301F-11D3-BF4B-00C04F79EFBC}") = "ATM.Tests", "ATM.Tests\ATM.Tests.csproj", "{E27DD22F-6B2E-4C6B-9E17-276A2513F1B8}"
EndProject
Global
	GlobalSection(SolutionConfigurationPlatforms) = preSolution
		Debug|Any CPU = Debug|Any CPU
		Release|Any CPU = Release|Any CPU
	EndGlobalSection
	GlobalSection(ProjectConfigurationPlatforms) = postSolution
		{8216B733-6A74-428C-9B73-27189A0B4703}.Debug|Any CPU.ActiveCfg = Debug|Any CPU
		{8216B733-6A74-428C-9B73-27189A0B4703}.Debug|Any CPU.Build.0 = Debug|Any CPU
		{8216B733-6A74-428C-9B73-27189A0B4703}.Release|Any CPU.ActiveCfg = Release|Any CPU
		{8216B733-6A74-428C-9B73-27189A0B4703}.Release|Any CPU.Build.0 = Release|Any CPU
		{E27DD22F-6B2E-4C6B-9E17-276A2513F1B8}.Debug|Any CPU.ActiveCfg = Debug|Any CPU
		{E27DD22F-6B2E-4C6B-9E17-276A2513F1B8}.Debug|Any CPU.Build.0 = Debug|Any CPU
		{E27DD22F-6B2E-4C6B-9E17-276A2513F1B8}.Release|Any CPU.ActiveCfg = Release|Any CPU
		{E27DD22F-6B2E-4C6B-9E17-276A2513F1B8}.Release|Any CPU.Build.0 = Release|Any CPU
	EndGlobalSection
	GlobalSection(SolutionProperties) = preSolution
		HideSolutionNode = FALSE
	EndGlobalSection
	GlobalSection(ExtensibilityGlobals) = postSolution
		SolutionGuid = {BF684553-0CF5-48BF-BF70-1EE10D994B9A}
	EndGlobalSection
EndGlobal
